
Microsoft Visual Studio Solution File, Format Version 12.00
Project("{FAE04EC0-301F-11D3-BF4B-00C04F79EFBC}") = "gum_lab5", "gum_lab5\gum_lab5.csproj", "{916AE44A-0799-4F4F-AD53-65D41C37B20D}"
EndProject
Global
	GlobalSection(SolutionConfigurationPlatforms) = preSolution
		Debug|Any CPU = Debug|Any CPU
		Release|Any CPU = Release|Any CPU
	EndGlobalSection
	GlobalSection(ProjectConfigurationPlatforms) = postSolution
		{916AE44A-0799-4F4F-AD53-65D41C37B20D}.Debug|Any CPU.ActiveCfg = Debug|Any CPU
		{916AE44A-0799-4F4F-AD53-65D41C37B20D}.Debug|Any CPU.Build.0 = Debug|Any CPU
		{916AE44A-0799-4F4F-AD53-65D41C37B20D}.Release|Any CPU.ActiveCfg = Release|Any CPU
		{916AE44A-0799-4F4F-AD53-65D41C37B20D}.Release|Any CPU.Build.0 = Release|Any CPU
	EndGlobalSection
EndGlobal
